
Microsoft Visual Studio Solution File, Format Version 12.00
# Visual Studio Version 17
VisualStudioVersion = 17.0.31903.59
MinimumVisualStudioVersion = 10.0.40219.1
Project("{2150E333-8FDC-42A3-9474-1A3956D46DE8}") = "shared", "shared", "{4F52FD11-658E-A102-6CD3-7D7C16FFA15B}"
EndProject
Project("{FAE04EC0-301F-11D3-BF4B-00C04F79EFBC}") = "KlaraHome.SharedKernel", "shared\KlaraHome.SharedKernel\KlaraHome.SharedKernel.csproj", "{69BF0E53-1E22-4742-8422-5B71B2230D0E}"
EndProject
Project("{FAE04EC0-301F-11D3-BF4B-00C04F79EFBC}") = "KlaraHome.Contracts", "shared\KlaraHome.Contracts\KlaraHome.Contracts.csproj", "{85FF51E8-C13C-4C01-BCE5-ECE360690C81}"
EndProject
Project("{FAE04EC0-301F-11D3-BF4B-00C04F79EFBC}") = "KlaraHome.Infrastructure", "shared\KlaraHome.Infrastructure\KlaraHome.Infrastructure.csproj", "{982F532B-CFC7-4D5C-8EA0-C57EC40F1B2D}"
EndProject
Project("{2150E333-8FDC-42A3-9474-1A3956D46DE8}") = "modules", "modules", "{CA253913-39DE-BFD0-C9A3-4B7EC6FBDF17}"
EndProject
Project("{FAE04EC0-301F-11D3-BF4B-00C04F79EFBC}") = "KlaraHome.Modules.Platform", "modules\KlaraHome.Modules.Platform\KlaraHome.Modules.Platform.csproj", "{6E18E082-A034-4B71-BD27-D65DB2EAB201}"
EndProject
Project("{2150E333-8FDC-42A3-9474-1A3956D46DE8}") = "host", "host", "{7226ABEA-787E-1D09-10EA-A2ECF996D6A6}"
EndProject
Project("{FAE04EC0-301F-11D3-BF4B-00C04F79EFBC}") = "KlaraHome.Api", "host\KlaraHome.Api\KlaraHome.Api.csproj", "{5646EEAC-FD24-471F-B646-B28050485B93}"
EndProject
Project("{FAE04EC0-301F-11D3-BF4B-00C04F79EFBC}") = "KlaraHome.Worker", "host\KlaraHome.Worker\KlaraHome.Worker.csproj", "{D487653E-8C4B-41BF-85A0-34D4335318B0}"
EndProject
Project("{FAE04EC0-301F-11D3-BF4B-00C04F79EFBC}") = "KlaraHome.Migrator", "host\KlaraHome.Migrator\KlaraHome.Migrator.csproj", "{8260E73B-D44D-4458-A4DB-A1B89F2C66A9}"
EndProject
Project("{2150E333-8FDC-42A3-9474-1A3956D46DE8}") = "tests", "tests", "{0AB3BF05-4346-4AA6-1389-037BE0695223}"
EndProject
Project("{FAE04EC0-301F-11D3-BF4B-00C04F79EFBC}") = "KlaraHome.UnitTests", "tests\KlaraHome.UnitTests\KlaraHome.UnitTests.csproj", "{85E14381-30EC-46B5-B270-CE14363CC6F2}"
EndProject
Project("{FAE04EC0-301F-11D3-BF4B-00C04F79EFBC}") = "KlaraHome.IntegrationTests", "tests\KlaraHome.IntegrationTests\KlaraHome.IntegrationTests.csproj", "{4BE4A24C-34DF-43A0-9CB2-470BCB4F9ACA}"
EndProject
Project("{FAE04EC0-301F-11D3-BF4B-00C04F79EFBC}") = "KlaraHome.ArchitectureTests", "tests\KlaraHome.ArchitectureTests\KlaraHome.ArchitectureTests.csproj", "{583331BB-1C81-4123-92D1-3B72240DE7AF}"
EndProject
Project("{FAE04EC0-301F-11D3-BF4B-00C04F79EFBC}") = "KlaraHome.Modules.Identity", "modules\KlaraHome.Modules.Identity\KlaraHome.Modules.Identity.csproj", "{9B4128A9-1A9E-4386-B8B7-7D41547E4437}"
EndProject
Global
	GlobalSection(SolutionConfigurationPlatforms) = preSolution
		Debug|Any CPU = Debug|Any CPU
		Debug|x64 = Debug|x64
		Debug|x86 = Debug|x86
		Release|Any CPU = Release|Any CPU
		Release|x64 = Release|x64
		Release|x86 = Release|x86
	EndGlobalSection
	GlobalSection(ProjectConfigurationPlatforms) = postSolution
		{69BF0E53-1E22-4742-8422-5B71B2230D0E}.Debug|Any CPU.ActiveCfg = Debug|Any CPU
		{69BF0E53-1E22-4742-8422-5B71B2230D0E}.Debug|Any CPU.Build.0 = Debug|Any CPU
		{69BF0E53-1E22-4742-8422-5B71B2230D0E}.Debug|x64.ActiveCfg = Debug|Any CPU
		{69BF0E53-1E22-4742-8422-5B71B2230D0E}.Debug|x64.Build.0 = Debug|Any CPU
		{69BF0E53-1E22-4742-8422-5B71B2230D0E}.Debug|x86.ActiveCfg = Debug|Any CPU
		{69BF0E53-1E22-4742-8422-5B71B2230D0E}.Debug|x86.Build.0 = Debug|Any CPU
		{69BF0E53-1E22-4742-8422-5B71B2230D0E}.Release|Any CPU.ActiveCfg = Release|Any CPU
		{69BF0E53-1E22-4742-8422-5B71B2230D0E}.Release|Any CPU.Build.0 = Release|Any CPU
		{69BF0E53-1E22-4742-8422-5B71B2230D0E}.Release|x64.ActiveCfg = Release|Any CPU
		{69BF0E53-1E22-4742-8422-5B71B2230D0E}.Release|x64.Build.0 = Release|Any CPU
		{69BF0E53-1E22-4742-8422-5B71B2230D0E}.Release|x86.ActiveCfg = Release|Any CPU
		{69BF0E53-1E22-4742-8422-5B71B2230D0E}.Release|x86.Build.0 = Release|Any CPU
		{85FF51E8-C13C-4C01-BCE5-ECE360690C81}.Debug|Any CPU.ActiveCfg = Debug|Any CPU
		{85FF51E8-C13C-4C01-BCE5-ECE360690C81}.Debug|Any CPU.Build.0 = Debug|Any CPU
		{85FF51E8-C13C-4C01-BCE5-ECE360690C81}.Debug|x64.ActiveCfg = Debug|Any CPU
		{85FF51E8-C13C-4C01-BCE5-ECE360690C81}.Debug|x64.Build.0 = Debug|Any CPU
		{85FF51E8-C13C-4C01-BCE5-ECE360690C81}.Debug|x86.ActiveCfg = Debug|Any CPU
		{85FF51E8-C13C-4C01-BCE5-ECE360690C81}.Debug|x86.Build.0 = Debug|Any CPU
		{85FF51E8-C13C-4C01-BCE5-ECE360690C81}.Release|Any CPU.ActiveCfg = Release|Any CPU
		{85FF51E8-C13C-4C01-BCE5-ECE360690C81}.Release|Any CPU.Build.0 = Release|Any CPU
		{85FF51E8-C13C-4C01-BCE5-ECE360690C81}.Release|x64.ActiveCfg = Release|Any CPU
		{85FF51E8-C13C-4C01-BCE5-ECE360690C81}.Release|x64.Build.0 = Release|Any CPU
		{85FF51E8-C13C-4C01-BCE5-ECE360690C81}.Release|x86.ActiveCfg = Release|Any CPU
		{85FF51E8-C13C-4C01-BCE5-ECE360690C81}.Release|x86.Build.0 = Release|Any CPU
		{982F532B-CFC7-4D5C-8EA0-C57EC40F1B2D}.Debug|Any CPU.ActiveCfg = Debug|Any CPU
		{982F532B-CFC7-4D5C-8EA0-C57EC40F1B2D}.Debug|Any CPU.Build.0 = Debug|Any CPU
		{982F532B-CFC7-4D5C-8EA0-C57EC40F1B2D}.Debug|x64.ActiveCfg = Debug|Any CPU
		{982F532B-CFC7-4D5C-8EA0-C57EC40F1B2D}.Debug|x64.Build.0 = Debug|Any CPU
		{982F532B-CFC7-4D5C-8EA0-C57EC40F1B2D}.Debug|x86.ActiveCfg = Debug|Any CPU
		{982F532B-CFC7-4D5C-8EA0-C57EC40F1B2D}.Debug|x86.Build.0 = Debug|Any CPU
		{982F532B-CFC7-4D5C-8EA0-C57EC40F1B2D}.Release|Any CPU.ActiveCfg = Release|Any CPU
		{982F532B-CFC7-4D5C-8EA0-C57EC40F1B2D}.Release|Any CPU.Build.0 = Release|Any CPU
		{982F532B-CFC7-4D5C-8EA0-C57EC40F1B2D}.Release|x64.ActiveCfg = Release|Any CPU
		{982F532B-CFC7-4D5C-8EA0-C57EC40F1B2D}.Release|x64.Build.0 = Release|Any CPU
		{982F532B-CFC7-4D5C-8EA0-C57EC40F1B2D}.Release|x86.ActiveCfg = Release|Any CPU
		{982F532B-CFC7-4D5C-8EA0-C57EC40F1B2D}.Release|x86.Build.0 = Release|Any CPU
		{6E18E082-A034-4B71-BD27-D65DB2EAB201}.Debug|Any CPU.ActiveCfg = Debug|Any CPU
		{6E18E082-A034-4B71-BD27-D65DB2EAB201}.Debug|Any CPU.Build.0 = Debug|Any CPU
		{6E18E082-A034-4B71-BD27-D65DB2EAB201}.Debug|x64.ActiveCfg = Debug|Any CPU
		{6E18E082-A034-4B71-BD27-D65DB2EAB201}.Debug|x64.Build.0 = Debug|Any CPU
		{6E18E082-A034-4B71-BD27-D65DB2EAB201}.Debug|x86.ActiveCfg = Debug|Any CPU
		{6E18E082-A034-4B71-BD27-D65DB2EAB201}.Debug|x86.Build.0 = Debug|Any CPU
		{6E18E082-A034-4B71-BD27-D65DB2EAB201}.Release|Any CPU.ActiveCfg = Release|Any CPU
		{6E18E082-A034-4B71-BD27-D65DB2EAB201}.Release|Any CPU.Build.0 = Release|Any CPU
		{6E18E082-A034-4B71-BD27-D65DB2EAB201}.Release|x64.ActiveCfg = Release|Any CPU
		{6E18E082-A034-4B71-BD27-D65DB2EAB201}.Release|x64.Build.0 = Release|Any CPU
		{6E18E082-A034-4B71-BD27-D65DB2EAB201}.Release|x86.ActiveCfg = Release|Any CPU
		{6E18E082-A034-4B71-BD27-D65DB2EAB201}.Release|x86.Build.0 = Release|Any CPU
		{5646EEAC-FD24-471F-B646-B28050485B93}.Debug|Any CPU.ActiveCfg = Debug|Any CPU
		{5646EEAC-FD24-471F-B646-B28050485B93}.Debug|Any CPU.Build.0 = Debug|Any CPU
		{5646EEAC-FD24-471F-B646-B28050485B93}.Debug|x64.ActiveCfg = Debug|Any CPU
		{5646EEAC-FD24-471F-B646-B28050485B93}.Debug|x64.Build.0 = Debug|Any CPU
		{5646EEAC-FD24-471F-B646-B28050485B93}.Debug|x86.ActiveCfg = Debug|Any CPU
		{5646EEAC-FD24-471F-B646-B28050485B93}.Debug|x86.Build.0 = Debug|Any CPU
		{5646EEAC-FD24-471F-B646-B28050485B93}.Release|Any CPU.ActiveCfg = Release|Any CPU
		{5646EEAC-FD24-471F-B646-B28050485B93}.Release|Any CPU.Build.0 = Release|Any CPU
		{5646EEAC-FD24-471F-B646-B28050485B93}.Release|x64.ActiveCfg = Release|Any CPU
		{5646EEAC-FD24-471F-B646-B28050485B93}.Release|x64.Build.0 = Release|Any CPU
		{5646EEAC-FD24-471F-B646-B28050485B93}.Release|x86.ActiveCfg = Release|Any CPU
		{5646EEAC-FD24-471F-B646-B28050485B93}.Release|x86.Build.0 = Release|Any CPU
		{D487653E-8C4B-41BF-85A0-34D4335318B0}.Debug|Any CPU.ActiveCfg = Debug|Any CPU
		{D487653E-8C4B-41BF-85A0-34D4335318B0}.Debug|Any CPU.Build.0 = Debug|Any CPU
		{D487653E-8C4B-41BF-85A0-34D4335318B0}.Debug|x64.ActiveCfg = Debug|Any CPU
		{D487653E-8C4B-41BF-85A0-34D4335318B0}.Debug|x64.Build.0 = Debug|Any CPU
		{D487653E-8C4B-41BF-85A0-34D4335318B0}.Debug|x86.ActiveCfg = Debug|Any CPU
		{D487653E-8C4B-41BF-85A0-34D4335318B0}.Debug|x86.Build.0 = Debug|Any CPU
		{D487653E-8C4B-41BF-85A0-34D4335318B0}.Release|Any CPU.ActiveCfg = Release|Any CPU
		{D487653E-8C4B-41BF-85A0-34D4335318B0}.Release|Any CPU.Build.0 = Release|Any CPU
		{D487653E-8C4B-41BF-85A0-34D4335318B0}.Release|x64.ActiveCfg = Release|Any CPU
		{D487653E-8C4B-41BF-85A0-34D4335318B0}.Release|x64.Build.0 = Release|Any CPU
		{D487653E-8C4B-41BF-85A0-34D4335318B0}.Release|x86.ActiveCfg = Release|Any CPU
		{D487653E-8C4B-41BF-85A0-34D4335318B0}.Release|x86.Build.0 = Release|Any CPU
		{8260E73B-D44D-4458-A4DB-A1B89F2C66A9}.Debug|Any CPU.ActiveCfg = Debug|Any CPU
		{8260E73B-D44D-4458-A4DB-A1B89F2C66A9}.Debug|Any CPU.Build.0 = Debug|Any CPU
		{8260E73B-D44D-4458-A4DB-A1B89F2C66A9}.Debug|x64.ActiveCfg = Debug|Any CPU
		{8260E73B-D44D-4458-A4DB-A1B89F2C66A9}.Debug|x64.Build.0 = Debug|Any CPU
		{8260E73B-D44D-4458-A4DB-A1B89F2C66A9}.Debug|x86.ActiveCfg = Debug|Any CPU
		{8260E73B-D44D-4458-A4DB-A1B89F2C66A9}.Debug|x86.Build.0 = Debug|Any CPU
		{8260E73B-D44D-4458-A4DB-A1B89F2C66A9}.Release|Any CPU.ActiveCfg = Release|Any CPU
		{8260E73B-D44D-4458-A4DB-A1B89F2C66A9}.Release|Any CPU.Build.0 = Release|Any CPU
		{8260E73B-D44D-4458-A4DB-A1B89F2C66A9}.Release|x64.ActiveCfg = Release|Any CPU
		{8260E73B-D44D-4458-A4DB-A1B89F2C66A9}.Release|x64.Build.0 = Release|Any CPU
		{8260E73B-D44D-4458-A4DB-A1B89F2C66A9}.Release|x86.ActiveCfg = Release|Any CPU
		{8260E73B-D44D-4458-A4DB-A1B89F2C66A9}.Release|x86.Build.0 = Release|Any CPU
		{85E14381-30EC-46B5-B270-CE14363CC6F2}.Debug|Any CPU.ActiveCfg = Debug|Any CPU
		{85E14381-30EC-46B5-B270-CE14363CC6F2}.Debug|Any CPU.Build.0 = Debug|Any CPU
		{85E14381-30EC-46B5-B270-CE14363CC6F2}.Debug|x64.ActiveCfg = Debug|Any CPU
		{85E14381-30EC-46B5-B270-CE14363CC6F2}.Debug|x64.Build.0 = Debug|Any CPU
		{85E14381-30EC-46B5-B270-CE14363CC6F2}.Debug|x86.ActiveCfg = Debug|Any CPU
		{85E14381-30EC-46B5-B270-CE14363CC6F2}.Debug|x86.Build.0 = Debug|Any CPU
		{85E14381-30EC-46B5-B270-CE14363CC6F2}.Release|Any CPU.ActiveCfg = Release|Any CPU
		{85E14381-30EC-46B5-B270-CE14363CC6F2}.Release|Any CPU.Build.0 = Release|Any CPU
		{85E14381-30EC-46B5-B270-CE14363CC6F2}.Release|x64.ActiveCfg = Release|Any CPU
		{85E14381-30EC-46B5-B270-CE14363CC6F2}.Release|x64.Build.0 = Release|Any CPU
		{85E14381-30EC-46B5-B270-CE14363CC6F2}.Release|x86.ActiveCfg = Release|Any CPU
		{85E14381-30EC-46B5-B270-CE14363CC6F2}.Release|x86.Build.0 = Release|Any CPU
		{4BE4A24C-34DF-43A0-9CB2-470BCB4F9ACA}.Debug|Any CPU.ActiveCfg = Debug|Any CPU
		{4BE4A24C-34DF-43A0-9CB2-470BCB4F9ACA}.Debug|Any CPU.Build.0 = Debug|Any CPU
		{4BE4A24C-34DF-43A0-9CB2-470BCB4F9ACA}.Debug|x64.ActiveCfg = Debug|Any CPU
		{4BE4A24C-34DF-43A0-9CB2-470BCB4F9ACA}.Debug|x64.Build.0 = Debug|Any CPU
		{4BE4A24C-34DF-43A0-9CB2-470BCB4F9ACA}.Debug|x86.ActiveCfg = Debug|Any CPU
		{4BE4A24C-34DF-43A0-9CB2-470BCB4F9ACA}.Debug|x86.Build.0 = Debug|Any CPU
		{4BE4A24C-34DF-43A0-9CB2-470BCB4F9ACA}.Release|Any CPU.ActiveCfg = Release|Any CPU
		{4BE4A24C-34DF-43A0-9CB2-470BCB4F9ACA}.Release|Any CPU.Build.0 = Release|Any CPU
		{4BE4A24C-34DF-43A0-9CB2-470BCB4F9ACA}.Release|x64.ActiveCfg = Release|Any CPU
		{4BE4A24C-34DF-43A0-9CB2-470BCB4F9ACA}.Release|x64.Build.0 = Release|Any CPU
		{4BE4A24C-34DF-43A0-9CB2-470BCB4F9ACA}.Release|x86.ActiveCfg = Release|Any CPU
		{4BE4A24C-34DF-43A0-9CB2-470BCB4F9ACA}.Release|x86.Build.0 = Release|Any CPU
		{583331BB-1C81-4123-92D1-3B72240DE7AF}.Debug|Any CPU.ActiveCfg = Debug|Any CPU
		{583331BB-1C81-4123-92D1-3B72240DE7AF}.Debug|Any CPU.Build.0 = Debug|Any CPU
		{583331BB-1C81-4123-92D1-3B72240DE7AF}.Debug|x64.ActiveCfg = Debug|Any CPU
		{583331BB-1C81-4123-92D1-3B72240DE7AF}.Debug|x64.Build.0 = Debug|Any CPU
		{583331BB-1C81-4123-92D1-3B72240DE7AF}.Debug|x86.ActiveCfg = Debug|Any CPU
		{583331BB-1C81-4123-92D1-3B72240DE7AF}.Debug|x86.Build.0 = Debug|Any CPU
		{583331BB-1C81-4123-92D1-3B72240DE7AF}.Release|Any CPU.ActiveCfg = Release|Any CPU
		{583331BB-1C81-4123-92D1-3B72240DE7AF}.Release|Any CPU.Build.0 = Release|Any CPU
		{583331BB-1C81-4123-92D1-3B72240DE7AF}.Release|x64.ActiveCfg = Release|Any CPU
		{583331BB-1C81-4123-92D1-3B72240DE7AF}.Release|x64.Build.0 = Release|Any CPU
		{583331BB-1C81-4123-92D1-3B72240DE7AF}.Release|x86.ActiveCfg = Release|Any CPU
		{583331BB-1C81-4123-92D1-3B72240DE7AF}.Release|x86.Build.0 = Release|Any CPU
		{9B4128A9-1A9E-4386-B8B7-7D41547E4437}.Debug|Any CPU.ActiveCfg = Debug|Any CPU
		{9B4128A9-1A9E-4386-B8B7-7D41547E4437}.Debug|Any CPU.Build.0 = Debug|Any CPU
		{9B4128A9-1A9E-4386-B8B7-7D41547E4437}.Debug|x64.ActiveCfg = Debug|Any CPU
		{9B4128A9-1A9E-4386-B8B7-7D41547E4437}.Debug|x64.Build.0 = Debug|Any CPU
		{9B4128A9-1A9E-4386-B8B7-7D41547E4437}.Debug|x86.ActiveCfg = Debug|Any CPU
		{9B4128A9-1A9E-4386-B8B7-7D41547E4437}.Debug|x86.Build.0 = Debug|Any CPU
		{9B4128A9-1A9E-4386-B8B7-7D41547E4437}.Release|Any CPU.ActiveCfg = Release|Any CPU
		{9B4128A9-1A9E-4386-B8B7-7D41547E4437}.Release|Any CPU.Build.0 = Release|Any CPU
		{9B4128A9-1A9E-4386-B8B7-7D41547E4437}.Release|x64.ActiveCfg = Release|Any CPU
		{9B4128A9-1A9E-4386-B8B7-7D41547E4437}.Release|x64.Build.0 = Release|Any CPU
		{9B4128A9-1A9E-4386-B8B7-7D41547E4437}.Release|x86.ActiveCfg = Release|Any CPU
		{9B4128A9-1A9E-4386-B8B7-7D41547E4437}.Release|x86.Build.0 = Release|Any CPU
	EndGlobalSection
	GlobalSection(SolutionProperties) = preSolution
		HideSolutionNode = FALSE
	EndGlobalSection
	GlobalSection(NestedProjects) = preSolution
		{69BF0E53-1E22-4742-8422-5B71B2230D0E} = {4F52FD11-658E-A102-6CD3-7D7C16FFA15B}
		{85FF51E8-C13C-4C01-BCE5-ECE360690C81} = {4F52FD11-658E-A102-6CD3-7D7C16FFA15B}
		{982F532B-CFC7-4D5C-8EA0-C57EC40F1B2D} = {4F52FD11-658E-A102-6CD3-7D7C16FFA15B}
		{6E18E082-A034-4B71-BD27-D65DB2EAB201} = {CA253913-39DE-BFD0-C9A3-4B7EC6FBDF17}
		{5646EEAC-FD24-471F-B646-B28050485B93} = {7226ABEA-787E-1D09-10EA-A2ECF996D6A6}
		{D487653E-8C4B-41BF-85A0-34D4335318B0} = {7226ABEA-787E-1D09-10EA-A2ECF996D6A6}
		{8260E73B-D44D-4458-A4DB-A1B89F2C66A9} = {7226ABEA-787E-1D09-10EA-A2ECF996D6A6}
		{85E14381-30EC-46B5-B270-CE14363CC6F2} = {0AB3BF05-4346-4AA6-1389-037BE0695223}
		{4BE4A24C-34DF-43A0-9CB2-470BCB4F9ACA} = {0AB3BF05-4346-4AA6-1389-037BE0695223}
		{583331BB-1C81-4123-92D1-3B72240DE7AF} = {0AB3BF05-4346-4AA6-1389-037BE0695223}
		{9B4128A9-1A9E-4386-B8B7-7D41547E4437} = {CA253913-39DE-BFD0-C9A3-4B7EC6FBDF17}
	EndGlobalSection
EndGlobal
