
Microsoft Visual Studio Solution File, Format Version 12.00
# Visual Studio Version 17
VisualStudioVersion = 17.0.31903.59
MinimumVisualStudioVersion = 10.0.40219.1
Project("{2150E333-8FDC-42A3-9474-1A3956D46DE8}") = "shared", "shared", "{4F52FD11-658E-A102-6CD3-7D7C16FFA15B}"
EndProject
Project("{FAE04EC0-301F-11D3-BF4B-00C04F79EFBC}") = "KlaraHome.SharedKernel", "shared\KlaraHome.SharedKernel\KlaraHome.SharedKernel.csproj", "{69BF0E53-1E22-4742-8422-5B71B2230D0E}"
EndProject
Project("{FAE04EC0-301F-11D3-BF4B-00C04F79EFBC}") = "KlaraHome.Contracts", "shared\KlaraHome.Contracts\KlaraHome.Contracts.csproj", "{85FF51E8-C13C-4C01-BCE5-ECE360690C81}"
EndProject
Project("{FAE04EC0-301F-11D3-BF4B-00C04F79EFBC}") = "KlaraHome.Infrastructure", "shared\KlaraHome.Infrastructure\KlaraHome.Infrastructure.csproj", "{982F532B-CFC7-4D5C-8EA0-C57EC40F1B2D}"
EndProject
Project("{2150E333-8FDC-42A3-9474-1A3956D46DE8}") = "modules", "modules", "{CA253913-39DE-BFD0-C9A3-4B7EC6FBDF17}"
EndProject
Project("{FAE04EC0-301F-11D3-BF4B-00C04F79EFBC}") = "KlaraHome.Modules.Platform", "modules\KlaraHome.Modules.Platform\KlaraHome.Modules.Platform.csproj", "{6E18E082-A034-4B71-BD27-D65DB2EAB201}"
EndProject
Project("{2150E333-8FDC-42A3-9474-1A3956D46DE8}") = "host", "host", "{7226ABEA-787E-1D09-10EA-A2ECF996D6A6}"
EndProject
Project("{FAE04EC0-301F-11D3-BF4B-00C04F79EFBC}") = "KlaraHome.Api", "host\KlaraHome.Api\KlaraHome.Api.csproj", "{5646EEAC-FD24-471F-B646-B28050485B93}"
EndProject
Project("{FAE04EC0-301F-11D3-BF4B-00C04F79EFBC}") = "KlaraHome.Worker", "host\KlaraHome.Worker\KlaraHome.Worker.csproj", "{D487653E-8C4B-41BF-85A0-34D4335318B0}"
EndProject
Project("{FAE04EC0-301F-11D3-BF4B-00C04F79EFBC}") = "KlaraHome.Migrator", "host\KlaraHome.Migrator\KlaraHome.Migrator.csproj", "{8260E73B-D44D-4458-A4DB-A1B89F2C66A9}"
EndProject
Project("{2150E333-8FDC-42A3-9474-1A3956D46DE8}") = "tests", "tests", "{0AB3BF05-4346-4AA6-1389-037BE0695223}"
EndProject
Project("{FAE04EC0-301F-11D3-BF4B-00C04F79EFBC}") = "KlaraHome.UnitTests", "tests\KlaraHome.UnitTests\KlaraHome.UnitTests.csproj", "{85E14381-30EC-46B5-B270-CE14363CC6F2}"
EndProject
Project("{FAE04EC0-301F-11D3-BF4B-00C04F79EFBC}") = "KlaraHome.IntegrationTests", "tests\KlaraHome.IntegrationTests\KlaraHome.IntegrationTests.csproj", "{4BE4A24C-34DF-43A0-9CB2-470BCB4F9ACA}"
EndProject
Project("{FAE04EC0-301F-11D3-BF4B-00C04F79EFBC}") = "KlaraHome.ArchitectureTests", "tests\KlaraHome.ArchitectureTests\KlaraHome.ArchitectureTests.csproj", "{583331BB-1C81-4123-92D1-3B72240DE7AF}"
EndProject
Project("{FAE04EC0-301F-11D3-BF4B-00C04F79EFBC}") = "KlaraHome.Modules.Identity", "modules\KlaraHome.Modules.Identity\KlaraHome.Modules.Identity.csproj", "{9B4128A9-1A9E-4386-B8B7-7D41547E4437}"
EndProject
Project("{FAE04EC0-301F-11D3-BF4B-00C04F79EFBC}") = "KlaraHome.Modules.Media", "modules\KlaraHome.Modules.Media\KlaraHome.Modules.Media.csproj", "{0B082C51-3003-418B-BA51-35B98940E6B3}"
EndProject
Project("{FAE04EC0-301F-11D3-BF4B-00C04F79EFBC}") = "KlaraHome.Modules.Notifications", "modules\KlaraHome.Modules.Notifications\KlaraHome.Modules.Notifications.csproj", "{9137AEC6-FE9F-4A7B-9DCE-92407F3EB4F7}"
EndProject
Project("{FAE04EC0-301F-11D3-BF4B-00C04F79EFBC}") = "KlaraHome.Modules.Vendors", "modules\KlaraHome.Modules.Vendors\KlaraHome.Modules.Vendors.csproj", "{A89B8BD8-7A3A-4532-ADAA-F31752A06C79}"
EndProject
Project("{FAE04EC0-301F-11D3-BF4B-00C04F79EFBC}") = "KlaraHome.Modules.Catalog", "modules\KlaraHome.Modules.Catalog\KlaraHome.Modules.Catalog.csproj", "{64FCFA59-E8E5-40E5-AD79-81E549EC3BF4}"
EndProject
Project("{FAE04EC0-301F-11D3-BF4B-00C04F79EFBC}") = "KlaraHome.Modules.Inventory", "modules\KlaraHome.Modules.Inventory\KlaraHome.Modules.Inventory.csproj", "{3D1A7E64-0C5B-4A1E-9F27-8B4D2E6C51A0}"
EndProject
Project("{FAE04EC0-301F-11D3-BF4B-00C04F79EFBC}") = "KlaraHome.Modules.Pricing", "modules\KlaraHome.Modules.Pricing\KlaraHome.Modules.Pricing.csproj", "{7C4E9B21-5A8D-4F63-B0E2-1D93A47C6E58}"
EndProject
Project("{FAE04EC0-301F-11D3-BF4B-00C04F79EFBC}") = "KlaraHome.Modules.Carts", "modules\KlaraHome.Modules.Carts\KlaraHome.Modules.Carts.csproj", "{9B2F5D18-6C3A-4E70-A1D5-2F84C7B93E61}"
EndProject
Project("{FAE04EC0-301F-11D3-BF4B-00C04F79EFBC}") = "KlaraHome.Modules.Orders", "modules\KlaraHome.Modules.Orders\KlaraHome.Modules.Orders.csproj", "{4E8C1A73-92B5-4D06-8F41-6A2D3B9C5E70}"
EndProject
Project("{FAE04EC0-301F-11D3-BF4B-00C04F79EFBC}") = "KlaraHome.Modules.Payments", "modules\KlaraHome.Modules.Payments\KlaraHome.Modules.Payments.csproj", "{3D7A6C50-8E14-4B92-9C63-5F02E1D8A47B}"
EndProject
Project("{FAE04EC0-301F-11D3-BF4B-00C04F79EFBC}") = "KlaraHome.Modules.Shipping", "modules\KlaraHome.Modules.Shipping\KlaraHome.Modules.Shipping.csproj", "{7E3B1F94-52C6-4A08-9D71-6C4F3A8B2D50}"
EndProject
Project("{FAE04EC0-301F-11D3-BF4B-00C04F79EFBC}") = "KlaraHome.Modules.Returns", "modules\KlaraHome.Modules.Returns\KlaraHome.Modules.Returns.csproj", "{3B1E24FE-7A8C-43E1-8232-F05D2AF9F391}"
EndProject
Project("{FAE04EC0-301F-11D3-BF4B-00C04F79EFBC}") = "KlaraHome.Modules.Settlements", "modules\KlaraHome.Modules.Settlements\KlaraHome.Modules.Settlements.csproj", "{75F37D3E-5F57-4691-AEAC-168E0C348015}"
EndProject
Project("{FAE04EC0-301F-11D3-BF4B-00C04F79EFBC}") = "KlaraHome.Modules.Search", "modules\KlaraHome.Modules.Search\KlaraHome.Modules.Search.csproj", "{6C9A4D71-2E58-4B03-9F16-7A5D8E1C24B9}"
EndProject
Project("{FAE04EC0-301F-11D3-BF4B-00C04F79EFBC}") = "KlaraHome.Modules.Content", "modules\KlaraHome.Modules.Content\KlaraHome.Modules.Content.csproj", "{2F9C7A18-4D63-4E9B-B0A5-1C8E7D3F6A24}"
EndProject
Global
	GlobalSection(SolutionConfigurationPlatforms) = preSolution
		Debug|Any CPU = Debug|Any CPU
		Debug|x64 = Debug|x64
		Debug|x86 = Debug|x86
		Release|Any CPU = Release|Any CPU
		Release|x64 = Release|x64
		Release|x86 = Release|x86
	EndGlobalSection
	GlobalSection(ProjectConfigurationPlatforms) = postSolution
		{69BF0E53-1E22-4742-8422-5B71B2230D0E}.Debug|Any CPU.ActiveCfg = Debug|Any CPU
		{69BF0E53-1E22-4742-8422-5B71B2230D0E}.Debug|Any CPU.Build.0 = Debug|Any CPU
		{69BF0E53-1E22-4742-8422-5B71B2230D0E}.Debug|x64.ActiveCfg = Debug|Any CPU
		{69BF0E53-1E22-4742-8422-5B71B2230D0E}.Debug|x64.Build.0 = Debug|Any CPU
		{69BF0E53-1E22-4742-8422-5B71B2230D0E}.Debug|x86.ActiveCfg = Debug|Any CPU
		{69BF0E53-1E22-4742-8422-5B71B2230D0E}.Debug|x86.Build.0 = Debug|Any CPU
		{69BF0E53-1E22-4742-8422-5B71B2230D0E}.Release|Any CPU.ActiveCfg = Release|Any CPU
		{69BF0E53-1E22-4742-8422-5B71B2230D0E}.Release|Any CPU.Build.0 = Release|Any CPU
		{69BF0E53-1E22-4742-8422-5B71B2230D0E}.Release|x64.ActiveCfg = Release|Any CPU
		{69BF0E53-1E22-4742-8422-5B71B2230D0E}.Release|x64.Build.0 = Release|Any CPU
		{69BF0E53-1E22-4742-8422-5B71B2230D0E}.Release|x86.ActiveCfg = Release|Any CPU
		{69BF0E53-1E22-4742-8422-5B71B2230D0E}.Release|x86.Build.0 = Release|Any CPU
		{85FF51E8-C13C-4C01-BCE5-ECE360690C81}.Debug|Any CPU.ActiveCfg = Debug|Any CPU
		{85FF51E8-C13C-4C01-BCE5-ECE360690C81}.Debug|Any CPU.Build.0 = Debug|Any CPU
		{85FF51E8-C13C-4C01-BCE5-ECE360690C81}.Debug|x64.ActiveCfg = Debug|Any CPU
		{85FF51E8-C13C-4C01-BCE5-ECE360690C81}.Debug|x64.Build.0 = Debug|Any CPU
		{85FF51E8-C13C-4C01-BCE5-ECE360690C81}.Debug|x86.ActiveCfg = Debug|Any CPU
		{85FF51E8-C13C-4C01-BCE5-ECE360690C81}.Debug|x86.Build.0 = Debug|Any CPU
		{85FF51E8-C13C-4C01-BCE5-ECE360690C81}.Release|Any CPU.ActiveCfg = Release|Any CPU
		{85FF51E8-C13C-4C01-BCE5-ECE360690C81}.Release|Any CPU.Build.0 = Release|Any CPU
		{85FF51E8-C13C-4C01-BCE5-ECE360690C81}.Release|x64.ActiveCfg = Release|Any CPU
		{85FF51E8-C13C-4C01-BCE5-ECE360690C81}.Release|x64.Build.0 = Release|Any CPU
		{85FF51E8-C13C-4C01-BCE5-ECE360690C81}.Release|x86.ActiveCfg = Release|Any CPU
		{85FF51E8-C13C-4C01-BCE5-ECE360690C81}.Release|x86.Build.0 = Release|Any CPU
		{982F532B-CFC7-4D5C-8EA0-C57EC40F1B2D}.Debug|Any CPU.ActiveCfg = Debug|Any CPU
		{982F532B-CFC7-4D5C-8EA0-C57EC40F1B2D}.Debug|Any CPU.Build.0 = Debug|Any CPU
		{982F532B-CFC7-4D5C-8EA0-C57EC40F1B2D}.Debug|x64.ActiveCfg = Debug|Any CPU
		{982F532B-CFC7-4D5C-8EA0-C57EC40F1B2D}.Debug|x64.Build.0 = Debug|Any CPU
		{982F532B-CFC7-4D5C-8EA0-C57EC40F1B2D}.Debug|x86.ActiveCfg = Debug|Any CPU
		{982F532B-CFC7-4D5C-8EA0-C57EC40F1B2D}.Debug|x86.Build.0 = Debug|Any CPU
		{982F532B-CFC7-4D5C-8EA0-C57EC40F1B2D}.Release|Any CPU.ActiveCfg = Release|Any CPU
		{982F532B-CFC7-4D5C-8EA0-C57EC40F1B2D}.Release|Any CPU.Build.0 = Release|Any CPU
		{982F532B-CFC7-4D5C-8EA0-C57EC40F1B2D}.Release|x64.ActiveCfg = Release|Any CPU
		{982F532B-CFC7-4D5C-8EA0-C57EC40F1B2D}.Release|x64.Build.0 = Release|Any CPU
		{982F532B-CFC7-4D5C-8EA0-C57EC40F1B2D}.Release|x86.ActiveCfg = Release|Any CPU
		{982F532B-CFC7-4D5C-8EA0-C57EC40F1B2D}.Release|x86.Build.0 = Release|Any CPU
		{6E18E082-A034-4B71-BD27-D65DB2EAB201}.Debug|Any CPU.ActiveCfg = Debug|Any CPU
		{6E18E082-A034-4B71-BD27-D65DB2EAB201}.Debug|Any CPU.Build.0 = Debug|Any CPU
		{6E18E082-A034-4B71-BD27-D65DB2EAB201}.Debug|x64.ActiveCfg = Debug|Any CPU
		{6E18E082-A034-4B71-BD27-D65DB2EAB201}.Debug|x64.Build.0 = Debug|Any CPU
		{6E18E082-A034-4B71-BD27-D65DB2EAB201}.Debug|x86.ActiveCfg = Debug|Any CPU
		{6E18E082-A034-4B71-BD27-D65DB2EAB201}.Debug|x86.Build.0 = Debug|Any CPU
		{6E18E082-A034-4B71-BD27-D65DB2EAB201}.Release|Any CPU.ActiveCfg = Release|Any CPU
		{6E18E082-A034-4B71-BD27-D65DB2EAB201}.Release|Any CPU.Build.0 = Release|Any CPU
		{6E18E082-A034-4B71-BD27-D65DB2EAB201}.Release|x64.ActiveCfg = Release|Any CPU
		{6E18E082-A034-4B71-BD27-D65DB2EAB201}.Release|x64.Build.0 = Release|Any CPU
		{6E18E082-A034-4B71-BD27-D65DB2EAB201}.Release|x86.ActiveCfg = Release|Any CPU
		{6E18E082-A034-4B71-BD27-D65DB2EAB201}.Release|x86.Build.0 = Release|Any CPU
		{5646EEAC-FD24-471F-B646-B28050485B93}.Debug|Any CPU.ActiveCfg = Debug|Any CPU
		{5646EEAC-FD24-471F-B646-B28050485B93}.Debug|Any CPU.Build.0 = Debug|Any CPU
		{5646EEAC-FD24-471F-B646-B28050485B93}.Debug|x64.ActiveCfg = Debug|Any CPU
		{5646EEAC-FD24-471F-B646-B28050485B93}.Debug|x64.Build.0 = Debug|Any CPU
		{5646EEAC-FD24-471F-B646-B28050485B93}.Debug|x86.ActiveCfg = Debug|Any CPU
		{5646EEAC-FD24-471F-B646-B28050485B93}.Debug|x86.Build.0 = Debug|Any CPU
		{5646EEAC-FD24-471F-B646-B28050485B93}.Release|Any CPU.ActiveCfg = Release|Any CPU
		{5646EEAC-FD24-471F-B646-B28050485B93}.Release|Any CPU.Build.0 = Release|Any CPU
		{5646EEAC-FD24-471F-B646-B28050485B93}.Release|x64.ActiveCfg = Release|Any CPU
		{5646EEAC-FD24-471F-B646-B28050485B93}.Release|x64.Build.0 = Release|Any CPU
		{5646EEAC-FD24-471F-B646-B28050485B93}.Release|x86.ActiveCfg = Release|Any CPU
		{5646EEAC-FD24-471F-B646-B28050485B93}.Release|x86.Build.0 = Release|Any CPU
		{D487653E-8C4B-41BF-85A0-34D4335318B0}.Debug|Any CPU.ActiveCfg = Debug|Any CPU
		{D487653E-8C4B-41BF-85A0-34D4335318B0}.Debug|Any CPU.Build.0 = Debug|Any CPU
		{D487653E-8C4B-41BF-85A0-34D4335318B0}.Debug|x64.ActiveCfg = Debug|Any CPU
		{D487653E-8C4B-41BF-85A0-34D4335318B0}.Debug|x64.Build.0 = Debug|Any CPU
		{D487653E-8C4B-41BF-85A0-34D4335318B0}.Debug|x86.ActiveCfg = Debug|Any CPU
		{D487653E-8C4B-41BF-85A0-34D4335318B0}.Debug|x86.Build.0 = Debug|Any CPU
		{D487653E-8C4B-41BF-85A0-34D4335318B0}.Release|Any CPU.ActiveCfg = Release|Any CPU
		{D487653E-8C4B-41BF-85A0-34D4335318B0}.Release|Any CPU.Build.0 = Release|Any CPU
		{D487653E-8C4B-41BF-85A0-34D4335318B0}.Release|x64.ActiveCfg = Release|Any CPU
		{D487653E-8C4B-41BF-85A0-34D4335318B0}.Release|x64.Build.0 = Release|Any CPU
		{D487653E-8C4B-41BF-85A0-34D4335318B0}.Release|x86.ActiveCfg = Release|Any CPU
		{D487653E-8C4B-41BF-85A0-34D4335318B0}.Release|x86.Build.0 = Release|Any CPU
		{8260E73B-D44D-4458-A4DB-A1B89F2C66A9}.Debug|Any CPU.ActiveCfg = Debug|Any CPU
		{8260E73B-D44D-4458-A4DB-A1B89F2C66A9}.Debug|Any CPU.Build.0 = Debug|Any CPU
		{8260E73B-D44D-4458-A4DB-A1B89F2C66A9}.Debug|x64.ActiveCfg = Debug|Any CPU
		{8260E73B-D44D-4458-A4DB-A1B89F2C66A9}.Debug|x64.Build.0 = Debug|Any CPU
		{8260E73B-D44D-4458-A4DB-A1B89F2C66A9}.Debug|x86.ActiveCfg = Debug|Any CPU
		{8260E73B-D44D-4458-A4DB-A1B89F2C66A9}.Debug|x86.Build.0 = Debug|Any CPU
		{8260E73B-D44D-4458-A4DB-A1B89F2C66A9}.Release|Any CPU.ActiveCfg = Release|Any CPU
		{8260E73B-D44D-4458-A4DB-A1B89F2C66A9}.Release|Any CPU.Build.0 = Release|Any CPU
		{8260E73B-D44D-4458-A4DB-A1B89F2C66A9}.Release|x64.ActiveCfg = Release|Any CPU
		{8260E73B-D44D-4458-A4DB-A1B89F2C66A9}.Release|x64.Build.0 = Release|Any CPU
		{8260E73B-D44D-4458-A4DB-A1B89F2C66A9}.Release|x86.ActiveCfg = Release|Any CPU
		{8260E73B-D44D-4458-A4DB-A1B89F2C66A9}.Release|x86.Build.0 = Release|Any CPU
		{85E14381-30EC-46B5-B270-CE14363CC6F2}.Debug|Any CPU.ActiveCfg = Debug|Any CPU
		{85E14381-30EC-46B5-B270-CE14363CC6F2}.Debug|Any CPU.Build.0 = Debug|Any CPU
		{85E14381-30EC-46B5-B270-CE14363CC6F2}.Debug|x64.ActiveCfg = Debug|Any CPU
		{85E14381-30EC-46B5-B270-CE14363CC6F2}.Debug|x64.Build.0 = Debug|Any CPU
		{85E14381-30EC-46B5-B270-CE14363CC6F2}.Debug|x86.ActiveCfg = Debug|Any CPU
		{85E14381-30EC-46B5-B270-CE14363CC6F2}.Debug|x86.Build.0 = Debug|Any CPU
		{85E14381-30EC-46B5-B270-CE14363CC6F2}.Release|Any CPU.ActiveCfg = Release|Any CPU
		{85E14381-30EC-46B5-B270-CE14363CC6F2}.Release|Any CPU.Build.0 = Release|Any CPU
		{85E14381-30EC-46B5-B270-CE14363CC6F2}.Release|x64.ActiveCfg = Release|Any CPU
		{85E14381-30EC-46B5-B270-CE14363CC6F2}.Release|x64.Build.0 = Release|Any CPU
		{85E14381-30EC-46B5-B270-CE14363CC6F2}.Release|x86.ActiveCfg = Release|Any CPU
		{85E14381-30EC-46B5-B270-CE14363CC6F2}.Release|x86.Build.0 = Release|Any CPU
		{4BE4A24C-34DF-43A0-9CB2-470BCB4F9ACA}.Debug|Any CPU.ActiveCfg = Debug|Any CPU
		{4BE4A24C-34DF-43A0-9CB2-470BCB4F9ACA}.Debug|Any CPU.Build.0 = Debug|Any CPU
		{4BE4A24C-34DF-43A0-9CB2-470BCB4F9ACA}.Debug|x64.ActiveCfg = Debug|Any CPU
		{4BE4A24C-34DF-43A0-9CB2-470BCB4F9ACA}.Debug|x64.Build.0 = Debug|Any CPU
		{4BE4A24C-34DF-43A0-9CB2-470BCB4F9ACA}.Debug|x86.ActiveCfg = Debug|Any CPU
		{4BE4A24C-34DF-43A0-9CB2-470BCB4F9ACA}.Debug|x86.Build.0 = Debug|Any CPU
		{4BE4A24C-34DF-43A0-9CB2-470BCB4F9ACA}.Release|Any CPU.ActiveCfg = Release|Any CPU
		{4BE4A24C-34DF-43A0-9CB2-470BCB4F9ACA}.Release|Any CPU.Build.0 = Release|Any CPU
		{4BE4A24C-34DF-43A0-9CB2-470BCB4F9ACA}.Release|x64.ActiveCfg = Release|Any CPU
		{4BE4A24C-34DF-43A0-9CB2-470BCB4F9ACA}.Release|x64.Build.0 = Release|Any CPU
		{4BE4A24C-34DF-43A0-9CB2-470BCB4F9ACA}.Release|x86.ActiveCfg = Release|Any CPU
		{4BE4A24C-34DF-43A0-9CB2-470BCB4F9ACA}.Release|x86.Build.0 = Release|Any CPU
		{583331BB-1C81-4123-92D1-3B72240DE7AF}.Debug|Any CPU.ActiveCfg = Debug|Any CPU
		{583331BB-1C81-4123-92D1-3B72240DE7AF}.Debug|Any CPU.Build.0 = Debug|Any CPU
		{583331BB-1C81-4123-92D1-3B72240DE7AF}.Debug|x64.ActiveCfg = Debug|Any CPU
		{583331BB-1C81-4123-92D1-3B72240DE7AF}.Debug|x64.Build.0 = Debug|Any CPU
		{583331BB-1C81-4123-92D1-3B72240DE7AF}.Debug|x86.ActiveCfg = Debug|Any CPU
		{583331BB-1C81-4123-92D1-3B72240DE7AF}.Debug|x86.Build.0 = Debug|Any CPU
		{583331BB-1C81-4123-92D1-3B72240DE7AF}.Release|Any CPU.ActiveCfg = Release|Any CPU
		{583331BB-1C81-4123-92D1-3B72240DE7AF}.Release|Any CPU.Build.0 = Release|Any CPU
		{583331BB-1C81-4123-92D1-3B72240DE7AF}.Release|x64.ActiveCfg = Release|Any CPU
		{583331BB-1C81-4123-92D1-3B72240DE7AF}.Release|x64.Build.0 = Release|Any CPU
		{583331BB-1C81-4123-92D1-3B72240DE7AF}.Release|x86.ActiveCfg = Release|Any CPU
		{583331BB-1C81-4123-92D1-3B72240DE7AF}.Release|x86.Build.0 = Release|Any CPU
		{9B4128A9-1A9E-4386-B8B7-7D41547E4437}.Debug|Any CPU.ActiveCfg = Debug|Any CPU
		{9B4128A9-1A9E-4386-B8B7-7D41547E4437}.Debug|Any CPU.Build.0 = Debug|Any CPU
		{9B4128A9-1A9E-4386-B8B7-7D41547E4437}.Debug|x64.ActiveCfg = Debug|Any CPU
		{9B4128A9-1A9E-4386-B8B7-7D41547E4437}.Debug|x64.Build.0 = Debug|Any CPU
		{9B4128A9-1A9E-4386-B8B7-7D41547E4437}.Debug|x86.ActiveCfg = Debug|Any CPU
		{9B4128A9-1A9E-4386-B8B7-7D41547E4437}.Debug|x86.Build.0 = Debug|Any CPU
		{9B4128A9-1A9E-4386-B8B7-7D41547E4437}.Release|Any CPU.ActiveCfg = Release|Any CPU
		{9B4128A9-1A9E-4386-B8B7-7D41547E4437}.Release|Any CPU.Build.0 = Release|Any CPU
		{9B4128A9-1A9E-4386-B8B7-7D41547E4437}.Release|x64.ActiveCfg = Release|Any CPU
		{9B4128A9-1A9E-4386-B8B7-7D41547E4437}.Release|x64.Build.0 = Release|Any CPU
		{9B4128A9-1A9E-4386-B8B7-7D41547E4437}.Release|x86.ActiveCfg = Release|Any CPU
		{9B4128A9-1A9E-4386-B8B7-7D41547E4437}.Release|x86.Build.0 = Release|Any CPU
		{0B082C51-3003-418B-BA51-35B98940E6B3}.Debug|Any CPU.ActiveCfg = Debug|Any CPU
		{0B082C51-3003-418B-BA51-35B98940E6B3}.Debug|Any CPU.Build.0 = Debug|Any CPU
		{0B082C51-3003-418B-BA51-35B98940E6B3}.Debug|x64.ActiveCfg = Debug|Any CPU
		{0B082C51-3003-418B-BA51-35B98940E6B3}.Debug|x64.Build.0 = Debug|Any CPU
		{0B082C51-3003-418B-BA51-35B98940E6B3}.Debug|x86.ActiveCfg = Debug|Any CPU
		{0B082C51-3003-418B-BA51-35B98940E6B3}.Debug|x86.Build.0 = Debug|Any CPU
		{0B082C51-3003-418B-BA51-35B98940E6B3}.Release|Any CPU.ActiveCfg = Release|Any CPU
		{0B082C51-3003-418B-BA51-35B98940E6B3}.Release|Any CPU.Build.0 = Release|Any CPU
		{0B082C51-3003-418B-BA51-35B98940E6B3}.Release|x64.ActiveCfg = Release|Any CPU
		{0B082C51-3003-418B-BA51-35B98940E6B3}.Release|x64.Build.0 = Release|Any CPU
		{0B082C51-3003-418B-BA51-35B98940E6B3}.Release|x86.ActiveCfg = Release|Any CPU
		{0B082C51-3003-418B-BA51-35B98940E6B3}.Release|x86.Build.0 = Release|Any CPU
		{9137AEC6-FE9F-4A7B-9DCE-92407F3EB4F7}.Debug|Any CPU.ActiveCfg = Debug|Any CPU
		{9137AEC6-FE9F-4A7B-9DCE-92407F3EB4F7}.Debug|Any CPU.Build.0 = Debug|Any CPU
		{9137AEC6-FE9F-4A7B-9DCE-92407F3EB4F7}.Debug|x64.ActiveCfg = Debug|Any CPU
		{9137AEC6-FE9F-4A7B-9DCE-92407F3EB4F7}.Debug|x64.Build.0 = Debug|Any CPU
		{9137AEC6-FE9F-4A7B-9DCE-92407F3EB4F7}.Debug|x86.ActiveCfg = Debug|Any CPU
		{9137AEC6-FE9F-4A7B-9DCE-92407F3EB4F7}.Debug|x86.Build.0 = Debug|Any CPU
		{9137AEC6-FE9F-4A7B-9DCE-92407F3EB4F7}.Release|Any CPU.ActiveCfg = Release|Any CPU
		{9137AEC6-FE9F-4A7B-9DCE-92407F3EB4F7}.Release|Any CPU.Build.0 = Release|Any CPU
		{9137AEC6-FE9F-4A7B-9DCE-92407F3EB4F7}.Release|x64.ActiveCfg = Release|Any CPU
		{9137AEC6-FE9F-4A7B-9DCE-92407F3EB4F7}.Release|x64.Build.0 = Release|Any CPU
		{9137AEC6-FE9F-4A7B-9DCE-92407F3EB4F7}.Release|x86.ActiveCfg = Release|Any CPU
		{9137AEC6-FE9F-4A7B-9DCE-92407F3EB4F7}.Release|x86.Build.0 = Release|Any CPU
		{A89B8BD8-7A3A-4532-ADAA-F31752A06C79}.Debug|Any CPU.ActiveCfg = Debug|Any CPU
		{A89B8BD8-7A3A-4532-ADAA-F31752A06C79}.Debug|Any CPU.Build.0 = Debug|Any CPU
		{A89B8BD8-7A3A-4532-ADAA-F31752A06C79}.Debug|x64.ActiveCfg = Debug|Any CPU
		{A89B8BD8-7A3A-4532-ADAA-F31752A06C79}.Debug|x64.Build.0 = Debug|Any CPU
		{A89B8BD8-7A3A-4532-ADAA-F31752A06C79}.Debug|x86.ActiveCfg = Debug|Any CPU
		{A89B8BD8-7A3A-4532-ADAA-F31752A06C79}.Debug|x86.Build.0 = Debug|Any CPU
		{A89B8BD8-7A3A-4532-ADAA-F31752A06C79}.Release|Any CPU.ActiveCfg = Release|Any CPU
		{A89B8BD8-7A3A-4532-ADAA-F31752A06C79}.Release|Any CPU.Build.0 = Release|Any CPU
		{A89B8BD8-7A3A-4532-ADAA-F31752A06C79}.Release|x64.ActiveCfg = Release|Any CPU
		{A89B8BD8-7A3A-4532-ADAA-F31752A06C79}.Release|x64.Build.0 = Release|Any CPU
		{A89B8BD8-7A3A-4532-ADAA-F31752A06C79}.Release|x86.ActiveCfg = Release|Any CPU
		{A89B8BD8-7A3A-4532-ADAA-F31752A06C79}.Release|x86.Build.0 = Release|Any CPU
		{64FCFA59-E8E5-40E5-AD79-81E549EC3BF4}.Debug|Any CPU.ActiveCfg = Debug|Any CPU
		{64FCFA59-E8E5-40E5-AD79-81E549EC3BF4}.Debug|Any CPU.Build.0 = Debug|Any CPU
		{64FCFA59-E8E5-40E5-AD79-81E549EC3BF4}.Debug|x64.ActiveCfg = Debug|Any CPU
		{64FCFA59-E8E5-40E5-AD79-81E549EC3BF4}.Debug|x64.Build.0 = Debug|Any CPU
		{64FCFA59-E8E5-40E5-AD79-81E549EC3BF4}.Debug|x86.ActiveCfg = Debug|Any CPU
		{64FCFA59-E8E5-40E5-AD79-81E549EC3BF4}.Debug|x86.Build.0 = Debug|Any CPU
		{64FCFA59-E8E5-40E5-AD79-81E549EC3BF4}.Release|Any CPU.ActiveCfg = Release|Any CPU
		{64FCFA59-E8E5-40E5-AD79-81E549EC3BF4}.Release|Any CPU.Build.0 = Release|Any CPU
		{64FCFA59-E8E5-40E5-AD79-81E549EC3BF4}.Release|x64.ActiveCfg = Release|Any CPU
		{64FCFA59-E8E5-40E5-AD79-81E549EC3BF4}.Release|x64.Build.0 = Release|Any CPU
		{64FCFA59-E8E5-40E5-AD79-81E549EC3BF4}.Release|x86.ActiveCfg = Release|Any CPU
		{64FCFA59-E8E5-40E5-AD79-81E549EC3BF4}.Release|x86.Build.0 = Release|Any CPU
		{3D1A7E64-0C5B-4A1E-9F27-8B4D2E6C51A0}.Debug|Any CPU.ActiveCfg = Debug|Any CPU
		{3D1A7E64-0C5B-4A1E-9F27-8B4D2E6C51A0}.Debug|Any CPU.Build.0 = Debug|Any CPU
		{3D1A7E64-0C5B-4A1E-9F27-8B4D2E6C51A0}.Debug|x64.ActiveCfg = Debug|Any CPU
		{3D1A7E64-0C5B-4A1E-9F27-8B4D2E6C51A0}.Debug|x64.Build.0 = Debug|Any CPU
		{3D1A7E64-0C5B-4A1E-9F27-8B4D2E6C51A0}.Debug|x86.ActiveCfg = Debug|Any CPU
		{3D1A7E64-0C5B-4A1E-9F27-8B4D2E6C51A0}.Debug|x86.Build.0 = Debug|Any CPU
		{3D1A7E64-0C5B-4A1E-9F27-8B4D2E6C51A0}.Release|Any CPU.ActiveCfg = Release|Any CPU
		{3D1A7E64-0C5B-4A1E-9F27-8B4D2E6C51A0}.Release|Any CPU.Build.0 = Release|Any CPU
		{3D1A7E64-0C5B-4A1E-9F27-8B4D2E6C51A0}.Release|x64.ActiveCfg = Release|Any CPU
		{3D1A7E64-0C5B-4A1E-9F27-8B4D2E6C51A0}.Release|x64.Build.0 = Release|Any CPU
		{3D1A7E64-0C5B-4A1E-9F27-8B4D2E6C51A0}.Release|x86.ActiveCfg = Release|Any CPU
		{3D1A7E64-0C5B-4A1E-9F27-8B4D2E6C51A0}.Release|x86.Build.0 = Release|Any CPU
		{7C4E9B21-5A8D-4F63-B0E2-1D93A47C6E58}.Debug|Any CPU.ActiveCfg = Debug|Any CPU
		{7C4E9B21-5A8D-4F63-B0E2-1D93A47C6E58}.Debug|Any CPU.Build.0 = Debug|Any CPU
		{7C4E9B21-5A8D-4F63-B0E2-1D93A47C6E58}.Debug|x64.ActiveCfg = Debug|Any CPU
		{7C4E9B21-5A8D-4F63-B0E2-1D93A47C6E58}.Debug|x64.Build.0 = Debug|Any CPU
		{7C4E9B21-5A8D-4F63-B0E2-1D93A47C6E58}.Debug|x86.ActiveCfg = Debug|Any CPU
		{7C4E9B21-5A8D-4F63-B0E2-1D93A47C6E58}.Debug|x86.Build.0 = Debug|Any CPU
		{7C4E9B21-5A8D-4F63-B0E2-1D93A47C6E58}.Release|Any CPU.ActiveCfg = Release|Any CPU
		{7C4E9B21-5A8D-4F63-B0E2-1D93A47C6E58}.Release|Any CPU.Build.0 = Release|Any CPU
		{7C4E9B21-5A8D-4F63-B0E2-1D93A47C6E58}.Release|x64.ActiveCfg = Release|Any CPU
		{7C4E9B21-5A8D-4F63-B0E2-1D93A47C6E58}.Release|x64.Build.0 = Release|Any CPU
		{7C4E9B21-5A8D-4F63-B0E2-1D93A47C6E58}.Release|x86.ActiveCfg = Release|Any CPU
		{7C4E9B21-5A8D-4F63-B0E2-1D93A47C6E58}.Release|x86.Build.0 = Release|Any CPU
		{9B2F5D18-6C3A-4E70-A1D5-2F84C7B93E61}.Debug|Any CPU.ActiveCfg = Debug|Any CPU
		{9B2F5D18-6C3A-4E70-A1D5-2F84C7B93E61}.Debug|Any CPU.Build.0 = Debug|Any CPU
		{9B2F5D18-6C3A-4E70-A1D5-2F84C7B93E61}.Debug|x64.ActiveCfg = Debug|Any CPU
		{9B2F5D18-6C3A-4E70-A1D5-2F84C7B93E61}.Debug|x64.Build.0 = Debug|Any CPU
		{9B2F5D18-6C3A-4E70-A1D5-2F84C7B93E61}.Debug|x86.ActiveCfg = Debug|Any CPU
		{9B2F5D18-6C3A-4E70-A1D5-2F84C7B93E61}.Debug|x86.Build.0 = Debug|Any CPU
		{9B2F5D18-6C3A-4E70-A1D5-2F84C7B93E61}.Release|Any CPU.ActiveCfg = Release|Any CPU
		{9B2F5D18-6C3A-4E70-A1D5-2F84C7B93E61}.Release|Any CPU.Build.0 = Release|Any CPU
		{9B2F5D18-6C3A-4E70-A1D5-2F84C7B93E61}.Release|x64.ActiveCfg = Release|Any CPU
		{9B2F5D18-6C3A-4E70-A1D5-2F84C7B93E61}.Release|x64.Build.0 = Release|Any CPU
		{9B2F5D18-6C3A-4E70-A1D5-2F84C7B93E61}.Release|x86.ActiveCfg = Release|Any CPU
		{9B2F5D18-6C3A-4E70-A1D5-2F84C7B93E61}.Release|x86.Build.0 = Release|Any CPU
		{4E8C1A73-92B5-4D06-8F41-6A2D3B9C5E70}.Debug|Any CPU.ActiveCfg = Debug|Any CPU
		{4E8C1A73-92B5-4D06-8F41-6A2D3B9C5E70}.Debug|Any CPU.Build.0 = Debug|Any CPU
		{4E8C1A73-92B5-4D06-8F41-6A2D3B9C5E70}.Debug|x64.ActiveCfg = Debug|Any CPU
		{4E8C1A73-92B5-4D06-8F41-6A2D3B9C5E70}.Debug|x64.Build.0 = Debug|Any CPU
		{4E8C1A73-92B5-4D06-8F41-6A2D3B9C5E70}.Debug|x86.ActiveCfg = Debug|Any CPU
		{4E8C1A73-92B5-4D06-8F41-6A2D3B9C5E70}.Debug|x86.Build.0 = Debug|Any CPU
		{4E8C1A73-92B5-4D06-8F41-6A2D3B9C5E70}.Release|Any CPU.ActiveCfg = Release|Any CPU
		{4E8C1A73-92B5-4D06-8F41-6A2D3B9C5E70}.Release|Any CPU.Build.0 = Release|Any CPU
		{4E8C1A73-92B5-4D06-8F41-6A2D3B9C5E70}.Release|x64.ActiveCfg = Release|Any CPU
		{4E8C1A73-92B5-4D06-8F41-6A2D3B9C5E70}.Release|x64.Build.0 = Release|Any CPU
		{4E8C1A73-92B5-4D06-8F41-6A2D3B9C5E70}.Release|x86.ActiveCfg = Release|Any CPU
		{4E8C1A73-92B5-4D06-8F41-6A2D3B9C5E70}.Release|x86.Build.0 = Release|Any CPU
		{3D7A6C50-8E14-4B92-9C63-5F02E1D8A47B}.Debug|Any CPU.ActiveCfg = Debug|Any CPU
		{3D7A6C50-8E14-4B92-9C63-5F02E1D8A47B}.Debug|Any CPU.Build.0 = Debug|Any CPU
		{3D7A6C50-8E14-4B92-9C63-5F02E1D8A47B}.Debug|x64.ActiveCfg = Debug|Any CPU
		{3D7A6C50-8E14-4B92-9C63-5F02E1D8A47B}.Debug|x64.Build.0 = Debug|Any CPU
		{3D7A6C50-8E14-4B92-9C63-5F02E1D8A47B}.Debug|x86.ActiveCfg = Debug|Any CPU
		{3D7A6C50-8E14-4B92-9C63-5F02E1D8A47B}.Debug|x86.Build.0 = Debug|Any CPU
		{3D7A6C50-8E14-4B92-9C63-5F02E1D8A47B}.Release|Any CPU.ActiveCfg = Release|Any CPU
		{3D7A6C50-8E14-4B92-9C63-5F02E1D8A47B}.Release|Any CPU.Build.0 = Release|Any CPU
		{3D7A6C50-8E14-4B92-9C63-5F02E1D8A47B}.Release|x64.ActiveCfg = Release|Any CPU
		{3D7A6C50-8E14-4B92-9C63-5F02E1D8A47B}.Release|x64.Build.0 = Release|Any CPU
		{3D7A6C50-8E14-4B92-9C63-5F02E1D8A47B}.Release|x86.ActiveCfg = Release|Any CPU
		{3D7A6C50-8E14-4B92-9C63-5F02E1D8A47B}.Release|x86.Build.0 = Release|Any CPU
		{7E3B1F94-52C6-4A08-9D71-6C4F3A8B2D50}.Debug|Any CPU.ActiveCfg = Debug|Any CPU
		{7E3B1F94-52C6-4A08-9D71-6C4F3A8B2D50}.Debug|Any CPU.Build.0 = Debug|Any CPU
		{7E3B1F94-52C6-4A08-9D71-6C4F3A8B2D50}.Debug|x64.ActiveCfg = Debug|Any CPU
		{7E3B1F94-52C6-4A08-9D71-6C4F3A8B2D50}.Debug|x64.Build.0 = Debug|Any CPU
		{7E3B1F94-52C6-4A08-9D71-6C4F3A8B2D50}.Debug|x86.ActiveCfg = Debug|Any CPU
		{7E3B1F94-52C6-4A08-9D71-6C4F3A8B2D50}.Debug|x86.Build.0 = Debug|Any CPU
		{7E3B1F94-52C6-4A08-9D71-6C4F3A8B2D50}.Release|Any CPU.ActiveCfg = Release|Any CPU
		{7E3B1F94-52C6-4A08-9D71-6C4F3A8B2D50}.Release|Any CPU.Build.0 = Release|Any CPU
		{7E3B1F94-52C6-4A08-9D71-6C4F3A8B2D50}.Release|x64.ActiveCfg = Release|Any CPU
		{7E3B1F94-52C6-4A08-9D71-6C4F3A8B2D50}.Release|x64.Build.0 = Release|Any CPU
		{7E3B1F94-52C6-4A08-9D71-6C4F3A8B2D50}.Release|x86.ActiveCfg = Release|Any CPU
		{7E3B1F94-52C6-4A08-9D71-6C4F3A8B2D50}.Release|x86.Build.0 = Release|Any CPU
		{3B1E24FE-7A8C-43E1-8232-F05D2AF9F391}.Debug|Any CPU.ActiveCfg = Debug|Any CPU
		{3B1E24FE-7A8C-43E1-8232-F05D2AF9F391}.Debug|Any CPU.Build.0 = Debug|Any CPU
		{3B1E24FE-7A8C-43E1-8232-F05D2AF9F391}.Debug|x64.ActiveCfg = Debug|Any CPU
		{3B1E24FE-7A8C-43E1-8232-F05D2AF9F391}.Debug|x64.Build.0 = Debug|Any CPU
		{3B1E24FE-7A8C-43E1-8232-F05D2AF9F391}.Debug|x86.ActiveCfg = Debug|Any CPU
		{3B1E24FE-7A8C-43E1-8232-F05D2AF9F391}.Debug|x86.Build.0 = Debug|Any CPU
		{3B1E24FE-7A8C-43E1-8232-F05D2AF9F391}.Release|Any CPU.ActiveCfg = Release|Any CPU
		{3B1E24FE-7A8C-43E1-8232-F05D2AF9F391}.Release|Any CPU.Build.0 = Release|Any CPU
		{3B1E24FE-7A8C-43E1-8232-F05D2AF9F391}.Release|x64.ActiveCfg = Release|Any CPU
		{3B1E24FE-7A8C-43E1-8232-F05D2AF9F391}.Release|x64.Build.0 = Release|Any CPU
		{3B1E24FE-7A8C-43E1-8232-F05D2AF9F391}.Release|x86.ActiveCfg = Release|Any CPU
		{3B1E24FE-7A8C-43E1-8232-F05D2AF9F391}.Release|x86.Build.0 = Release|Any CPU
		{75F37D3E-5F57-4691-AEAC-168E0C348015}.Debug|Any CPU.ActiveCfg = Debug|Any CPU
		{75F37D3E-5F57-4691-AEAC-168E0C348015}.Debug|Any CPU.Build.0 = Debug|Any CPU
		{75F37D3E-5F57-4691-AEAC-168E0C348015}.Debug|x64.ActiveCfg = Debug|Any CPU
		{75F37D3E-5F57-4691-AEAC-168E0C348015}.Debug|x64.Build.0 = Debug|Any CPU
		{75F37D3E-5F57-4691-AEAC-168E0C348015}.Debug|x86.ActiveCfg = Debug|Any CPU
		{75F37D3E-5F57-4691-AEAC-168E0C348015}.Debug|x86.Build.0 = Debug|Any CPU
		{75F37D3E-5F57-4691-AEAC-168E0C348015}.Release|Any CPU.ActiveCfg = Release|Any CPU
		{75F37D3E-5F57-4691-AEAC-168E0C348015}.Release|Any CPU.Build.0 = Release|Any CPU
		{75F37D3E-5F57-4691-AEAC-168E0C348015}.Release|x64.ActiveCfg = Release|Any CPU
		{75F37D3E-5F57-4691-AEAC-168E0C348015}.Release|x64.Build.0 = Release|Any CPU
		{75F37D3E-5F57-4691-AEAC-168E0C348015}.Release|x86.ActiveCfg = Release|Any CPU
		{75F37D3E-5F57-4691-AEAC-168E0C348015}.Release|x86.Build.0 = Release|Any CPU
		{6C9A4D71-2E58-4B03-9F16-7A5D8E1C24B9}.Debug|Any CPU.ActiveCfg = Debug|Any CPU
		{6C9A4D71-2E58-4B03-9F16-7A5D8E1C24B9}.Debug|Any CPU.Build.0 = Debug|Any CPU
		{6C9A4D71-2E58-4B03-9F16-7A5D8E1C24B9}.Debug|x64.ActiveCfg = Debug|Any CPU
		{6C9A4D71-2E58-4B03-9F16-7A5D8E1C24B9}.Debug|x64.Build.0 = Debug|Any CPU
		{6C9A4D71-2E58-4B03-9F16-7A5D8E1C24B9}.Debug|x86.ActiveCfg = Debug|Any CPU
		{6C9A4D71-2E58-4B03-9F16-7A5D8E1C24B9}.Debug|x86.Build.0 = Debug|Any CPU
		{6C9A4D71-2E58-4B03-9F16-7A5D8E1C24B9}.Release|Any CPU.ActiveCfg = Release|Any CPU
		{6C9A4D71-2E58-4B03-9F16-7A5D8E1C24B9}.Release|Any CPU.Build.0 = Release|Any CPU
		{6C9A4D71-2E58-4B03-9F16-7A5D8E1C24B9}.Release|x64.ActiveCfg = Release|Any CPU
		{6C9A4D71-2E58-4B03-9F16-7A5D8E1C24B9}.Release|x64.Build.0 = Release|Any CPU
		{6C9A4D71-2E58-4B03-9F16-7A5D8E1C24B9}.Release|x86.ActiveCfg = Release|Any CPU
		{6C9A4D71-2E58-4B03-9F16-7A5D8E1C24B9}.Release|x86.Build.0 = Release|Any CPU
		{2F9C7A18-4D63-4E9B-B0A5-1C8E7D3F6A24}.Debug|Any CPU.ActiveCfg = Debug|Any CPU
		{2F9C7A18-4D63-4E9B-B0A5-1C8E7D3F6A24}.Debug|Any CPU.Build.0 = Debug|Any CPU
		{2F9C7A18-4D63-4E9B-B0A5-1C8E7D3F6A24}.Debug|x64.ActiveCfg = Debug|Any CPU
		{2F9C7A18-4D63-4E9B-B0A5-1C8E7D3F6A24}.Debug|x64.Build.0 = Debug|Any CPU
		{2F9C7A18-4D63-4E9B-B0A5-1C8E7D3F6A24}.Debug|x86.ActiveCfg = Debug|Any CPU
		{2F9C7A18-4D63-4E9B-B0A5-1C8E7D3F6A24}.Debug|x86.Build.0 = Debug|Any CPU
		{2F9C7A18-4D63-4E9B-B0A5-1C8E7D3F6A24}.Release|Any CPU.ActiveCfg = Release|Any CPU
		{2F9C7A18-4D63-4E9B-B0A5-1C8E7D3F6A24}.Release|Any CPU.Build.0 = Release|Any CPU
		{2F9C7A18-4D63-4E9B-B0A5-1C8E7D3F6A24}.Release|x64.ActiveCfg = Release|Any CPU
		{2F9C7A18-4D63-4E9B-B0A5-1C8E7D3F6A24}.Release|x64.Build.0 = Release|Any CPU
		{2F9C7A18-4D63-4E9B-B0A5-1C8E7D3F6A24}.Release|x86.ActiveCfg = Release|Any CPU
		{2F9C7A18-4D63-4E9B-B0A5-1C8E7D3F6A24}.Release|x86.Build.0 = Release|Any CPU
	EndGlobalSection
	GlobalSection(SolutionProperties) = preSolution
		HideSolutionNode = FALSE
	EndGlobalSection
	GlobalSection(NestedProjects) = preSolution
		{69BF0E53-1E22-4742-8422-5B71B2230D0E} = {4F52FD11-658E-A102-6CD3-7D7C16FFA15B}
		{85FF51E8-C13C-4C01-BCE5-ECE360690C81} = {4F52FD11-658E-A102-6CD3-7D7C16FFA15B}
		{982F532B-CFC7-4D5C-8EA0-C57EC40F1B2D} = {4F52FD11-658E-A102-6CD3-7D7C16FFA15B}
		{6E18E082-A034-4B71-BD27-D65DB2EAB201} = {CA253913-39DE-BFD0-C9A3-4B7EC6FBDF17}
		{5646EEAC-FD24-471F-B646-B28050485B93} = {7226ABEA-787E-1D09-10EA-A2ECF996D6A6}
		{D487653E-8C4B-41BF-85A0-34D4335318B0} = {7226ABEA-787E-1D09-10EA-A2ECF996D6A6}
		{8260E73B-D44D-4458-A4DB-A1B89F2C66A9} = {7226ABEA-787E-1D09-10EA-A2ECF996D6A6}
		{85E14381-30EC-46B5-B270-CE14363CC6F2} = {0AB3BF05-4346-4AA6-1389-037BE0695223}
		{4BE4A24C-34DF-43A0-9CB2-470BCB4F9ACA} = {0AB3BF05-4346-4AA6-1389-037BE0695223}
		{583331BB-1C81-4123-92D1-3B72240DE7AF} = {0AB3BF05-4346-4AA6-1389-037BE0695223}
		{9B4128A9-1A9E-4386-B8B7-7D41547E4437} = {CA253913-39DE-BFD0-C9A3-4B7EC6FBDF17}
		{0B082C51-3003-418B-BA51-35B98940E6B3} = {CA253913-39DE-BFD0-C9A3-4B7EC6FBDF17}
		{9137AEC6-FE9F-4A7B-9DCE-92407F3EB4F7} = {CA253913-39DE-BFD0-C9A3-4B7EC6FBDF17}
		{A89B8BD8-7A3A-4532-ADAA-F31752A06C79} = {CA253913-39DE-BFD0-C9A3-4B7EC6FBDF17}
		{64FCFA59-E8E5-40E5-AD79-81E549EC3BF4} = {CA253913-39DE-BFD0-C9A3-4B7EC6FBDF17}
		{3D1A7E64-0C5B-4A1E-9F27-8B4D2E6C51A0} = {CA253913-39DE-BFD0-C9A3-4B7EC6FBDF17}
		{7C4E9B21-5A8D-4F63-B0E2-1D93A47C6E58} = {CA253913-39DE-BFD0-C9A3-4B7EC6FBDF17}
		{9B2F5D18-6C3A-4E70-A1D5-2F84C7B93E61} = {CA253913-39DE-BFD0-C9A3-4B7EC6FBDF17}
		{4E8C1A73-92B5-4D06-8F41-6A2D3B9C5E70} = {CA253913-39DE-BFD0-C9A3-4B7EC6FBDF17}
		{3D7A6C50-8E14-4B92-9C63-5F02E1D8A47B} = {CA253913-39DE-BFD0-C9A3-4B7EC6FBDF17}
		{7E3B1F94-52C6-4A08-9D71-6C4F3A8B2D50} = {CA253913-39DE-BFD0-C9A3-4B7EC6FBDF17}
		{3B1E24FE-7A8C-43E1-8232-F05D2AF9F391} = {CA253913-39DE-BFD0-C9A3-4B7EC6FBDF17}
		{75F37D3E-5F57-4691-AEAC-168E0C348015} = {CA253913-39DE-BFD0-C9A3-4B7EC6FBDF17}
		{6C9A4D71-2E58-4B03-9F16-7A5D8E1C24B9} = {CA253913-39DE-BFD0-C9A3-4B7EC6FBDF17}
		{2F9C7A18-4D63-4E9B-B0A5-1C8E7D3F6A24} = {CA253913-39DE-BFD0-C9A3-4B7EC6FBDF17}
	EndGlobalSection
EndGlobal
